<?xml version="1.0" encoding="utf-8"?>
<Project ToolsVersion="4.0" xmlns="http://schemas.microsoft.com/developer/msbuild/2003">
  <ItemGroup>
    <Filter Include="ソース ファイル">
      <UniqueIdentifier>{4FC737F1-C7A5-4376-A066-2A32D752A2FF}</UniqueIdentifier>
      <Extensions>cpp;c;cc;cxx;c++;cppm;ixx;def;odl;idl;hpj;bat;asm;asmx</Extensions>
    </Filter>
    <Filter Include="ヘッダー ファイル">
      <UniqueIdentifier>{93995380-89BD-4b04-88EB-625FBE52EBFB}</UniqueIdentifier>
      <Extensions>h;hh;hpp;hxx;h++;hm;inl;inc;ipp;xsd</Extensions>
    </Filter>
    <Filter Include="リソース ファイル">
      <UniqueIdentifier>{67DA6AB6-F800-4c08-8B7A-83BB121AAD01}</UniqueIdentifier>
      <Extensions>rc;ico;cur;bmp;dlg;rc2;rct;bin;rgs;gif;jpg;jpeg;jpe;resx;tiff;tif;png;wav;mfcribbon-ms</Extensions>
    </Filter>
    <Filter Include="imgui">
      <UniqueIdentifier>{49827cfb-af05-4470-bd36-c7f29d92ee3b}</UniqueIdentifier>
    </Filter>
    <Filter Include="ヘッダー ファイル\2d">
      <UniqueIdentifier>{3f57f04b-ab0d-4783-9e0e-3aac33332186}</UniqueIdentifier>
    </Filter>
    <Filter Include="ソース ファイル\3d">
      <UniqueIdentifier>{6b421ef7-4b0f-4e39-9e4b-b49f50c12f7e}</UniqueIdentifier>
    </Filter>
    <Filter Include="ヘッダー ファイル\3d">
      <UniqueIdentifier>{4a4cd127-556e-42cd-bf19-4bc16962711e}</UniqueIdentifier>
    </Filter>
    <Filter Include="ヘッダー ファイル\base">
      <UniqueIdentifier>{cbac2fad-6205-4b7f-9c7b-8178719d8a0e}</UniqueIdentifier>
    </Filter>
    <Filter Include="ヘッダー ファイル\math">
      <UniqueIdentifier>{09ae6642-bb2e-4dfe-ba68-663611394ccb}</UniqueIdentifier>
    </Filter>
    <Filter Include="ヘッダー ファイル\input">
      <UniqueIdentifier>{7753fb44-0a3f-4457-8cbf-9297bd0864e1}</UniqueIdentifier>
    </Filter>
    <Filter Include="ソース ファイル\math">
      <UniqueIdentifier>{4efcb3d3-471a-4aa1-82ab-8b8a98d6ee65}</UniqueIdentifier>
    </Filter>
    <Filter Include="ソース ファイル\input">
      <UniqueIdentifier>{2e76d947-1baf-4ee9-b50c-6f658ad272a3}</UniqueIdentifier>
    </Filter>
    <Filter Include="ヘッダー ファイル\base\base">
      <UniqueIdentifier>{c7307b98-f3fe-4508-9043-0ea007e3db2e}</UniqueIdentifier>
    </Filter>
    <Filter Include="ソース ファイル\2d">
      <UniqueIdentifier>{a6219a64-19b0-4a3c-930f-dde0ce763dd6}</UniqueIdentifier>
    </Filter>
  </ItemGroup>
  <ItemGroup>
    <ClCompile Include="main.cpp">
      <Filter>ソース ファイル</Filter>
    </ClCompile>
    <ClCompile Include="externals\imgui\imgui.cpp">
      <Filter>imgui</Filter>
    </ClCompile>
    <ClCompile Include="externals\imgui\imgui_demo.cpp">
      <Filter>imgui</Filter>
    </ClCompile>
    <ClCompile Include="externals\imgui\imgui_draw.cpp">
      <Filter>imgui</Filter>
    </ClCompile>
    <ClCompile Include="externals\imgui\imgui_impl_dx12.cpp">
      <Filter>imgui</Filter>
    </ClCompile>
    <ClCompile Include="externals\imgui\imgui_impl_win32.cpp">
      <Filter>imgui</Filter>
    </ClCompile>
    <ClCompile Include="externals\imgui\imgui_tables.cpp">
      <Filter>imgui</Filter>
    </ClCompile>
    <ClCompile Include="externals\imgui\imgui_widgets.cpp">
      <Filter>imgui</Filter>
    </ClCompile>
    <ClCompile Include="engine\2d\Sprite.cpp">
      <Filter>ソース ファイル\2d</Filter>
    </ClCompile>
    <ClCompile Include="engine\2d\SpriteCommon.cpp">
      <Filter>ソース ファイル\2d</Filter>
    </ClCompile>
    <ClCompile Include="engine\3d\Model.cpp">
      <Filter>ソース ファイル\3d</Filter>
    </ClCompile>
    <ClCompile Include="engine\3d\ModelCommon.cpp">
      <Filter>ソース ファイル\3d</Filter>
    </ClCompile>
    <ClCompile Include="engine\3d\Object3d.cpp">
      <Filter>ソース ファイル\3d</Filter>
    </ClCompile>
    <ClCompile Include="engine\3d\Object3dCommon.cpp">
      <Filter>ソース ファイル\3d</Filter>
    </ClCompile>
    <ClCompile Include="engine\math\MyMath.cpp">
      <Filter>ソース ファイル\math</Filter>
    </ClCompile>
    <ClCompile Include="engine\math\RenderingPipeline.cpp">
      <Filter>ソース ファイル\math</Filter>
    </ClCompile>
    <ClCompile Include="engine\base\DirectXCommon.cpp">
      <Filter>ヘッダー ファイル\base\base</Filter>
    </ClCompile>
    <ClCompile Include="engine\base\StringUtility.cpp">
      <Filter>ヘッダー ファイル\base\base</Filter>
    </ClCompile>
    <ClCompile Include="engine\base\TextureManager.cpp">
      <Filter>ヘッダー ファイル\base\base</Filter>
    </ClCompile>
    <ClCompile Include="engine\base\WinApp.cpp">
      <Filter>ヘッダー ファイル\base\base</Filter>
    </ClCompile>
    <ClCompile Include="engine\input\Input.cpp">
      <Filter>ソース ファイル\input</Filter>
    </ClCompile>
    <ClCompile Include="engine\base\D3DResourceLeakChecker.cpp">
      <Filter>ヘッダー ファイル\base\base</Filter>
    </ClCompile>
    <ClCompile Include="engine\base\Logger.cpp">
      <Filter>ヘッダー ファイル\base\base</Filter>
    </ClCompile>
    <ClCompile Include="engine\base\ModelManager.cpp">
      <Filter>ヘッダー ファイル\base\base</Filter>
    </ClCompile>
    <ClCompile Include="SceneManager.cpp">
      <Filter>ソース ファイル</Filter>
    </ClCompile>
    <ClCompile Include="TitleScene.cpp">
      <Filter>ソース ファイル</Filter>
    </ClCompile>
    <ClCompile Include="StageScene.cpp">
      <Filter>ソース ファイル</Filter>
    </ClCompile>
    <ClCompile Include="ClearScene.cpp">
      <Filter>ソース ファイル</Filter>
    </ClCompile>
    <ClCompile Include="InputManager.cpp">
      <Filter>ソース ファイル</Filter>
    </ClCompile>
  </ItemGroup>
  <ItemGroup>
    <ClInclude Include="externals\imgui\imconfig.h">
      <Filter>imgui</Filter>
    </ClInclude>
    <ClInclude Include="externals\imgui\imgui.h">
      <Filter>imgui</Filter>
    </ClInclude>
    <ClInclude Include="externals\imgui\imgui_impl_dx12.h">
      <Filter>imgui</Filter>
    </ClInclude>
    <ClInclude Include="externals\imgui\imgui_impl_win32.h">
      <Filter>imgui</Filter>
    </ClInclude>
    <ClInclude Include="externals\imgui\imgui_internal.h">
      <Filter>imgui</Filter>
    </ClInclude>
    <ClInclude Include="externals\imgui\imstb_rectpack.h">
      <Filter>imgui</Filter>
    </ClInclude>
    <ClInclude Include="externals\imgui\imstb_textedit.h">
      <Filter>imgui</Filter>
    </ClInclude>
    <ClInclude Include="externals\imgui\imstb_truetype.h">
      <Filter>imgui</Filter>
    </ClInclude>
    <ClInclude Include="engine\2d\Sprite.h">
      <Filter>ヘッダー ファイル\2d</Filter>
    </ClInclude>
    <ClInclude Include="engine\2d\SpriteCommon.h">
      <Filter>ヘッダー ファイル\2d</Filter>
    </ClInclude>
    <ClInclude Include="engine\3d\Model.h">
      <Filter>ヘッダー ファイル\3d</Filter>
    </ClInclude>
    <ClInclude Include="engine\3d\ModelCommon.h">
      <Filter>ヘッダー ファイル\3d</Filter>
    </ClInclude>
    <ClInclude Include="engine\3d\Object3d.h">
      <Filter>ヘッダー ファイル\3d</Filter>
    </ClInclude>
    <ClInclude Include="engine\3d\Object3dCommon.h">
      <Filter>ヘッダー ファイル\3d</Filter>
    </ClInclude>
    <ClInclude Include="engine\math\Matrix3x3.h">
      <Filter>ヘッダー ファイル\math</Filter>
    </ClInclude>
    <ClInclude Include="engine\math\Matrix4x4.h">
      <Filter>ヘッダー ファイル\math</Filter>
    </ClInclude>
    <ClInclude Include="engine\math\Vector2.h">
      <Filter>ヘッダー ファイル\math</Filter>
    </ClInclude>
    <ClInclude Include="engine\math\Vector3.h">
      <Filter>ヘッダー ファイル\math</Filter>
    </ClInclude>
    <ClInclude Include="engine\math\Vector4.h">
      <Filter>ヘッダー ファイル\math</Filter>
    </ClInclude>
    <ClInclude Include="engine\math\MyMath.h">
      <Filter>ヘッダー ファイル\math</Filter>
    </ClInclude>
    <ClInclude Include="engine\math\RenderingPipeline.h">
      <Filter>ヘッダー ファイル\math</Filter>
    </ClInclude>
    <ClInclude Include="engine\math\RenderingData.h">
      <Filter>ヘッダー ファイル\math</Filter>
    </ClInclude>
    <ClInclude Include="engine\base\WinApp.h">
      <Filter>ヘッダー ファイル\base</Filter>
    </ClInclude>
    <ClInclude Include="engine\base\TextureManager.h">
      <Filter>ヘッダー ファイル\base</Filter>
    </ClInclude>
    <ClInclude Include="engine\base\StringUtility.h">
      <Filter>ヘッダー ファイル\base</Filter>
    </ClInclude>
    <ClInclude Include="engine\base\DirectXCommon.h">
      <Filter>ヘッダー ファイル\base</Filter>
    </ClInclude>
    <ClInclude Include="engine\input\Input.h">
      <Filter>ヘッダー ファイル\input</Filter>
    </ClInclude>
    <ClInclude Include="engine\base\D3DResourceLeakChecker.h">
      <Filter>ヘッダー ファイル\base</Filter>
    </ClInclude>
    <ClInclude Include="engine\base\Logger.h">
      <Filter>ヘッダー ファイル\base</Filter>
    </ClInclude>
    <ClInclude Include="engine\base\ModelManager.h">
      <Filter>ヘッダー ファイル\base</Filter>
    </ClInclude>
    <ClInclude Include="engine\math\ResourceObject.h">
      <Filter>ヘッダー ファイル\math</Filter>
    </ClInclude>
    <ClInclude Include="Scene.h">
      <Filter>ヘッダー ファイル</Filter>
    </ClInclude>
    <ClInclude Include="SceneManager.h">
      <Filter>ヘッダー ファイル</Filter>
    </ClInclude>
    <ClInclude Include="TitleScene.h">
      <Filter>ヘッダー ファイル</Filter>
    </ClInclude>
    <ClInclude Include="StageScene.h">
      <Filter>ヘッダー ファイル</Filter>
    </ClInclude>
    <ClInclude Include="ClearScene.h">
      <Filter>ヘッダー ファイル</Filter>
    </ClInclude>
    <ClInclude Include="InputManager.h">
      <Filter>ヘッダー ファイル</Filter>
    </ClInclude>
  </ItemGroup>
  <ItemGroup>
    <Text Include="externals\imgui\LICENSE.txt">
      <Filter>imgui</Filter>
    </Text>
  </ItemGroup>
  <ItemGroup>
    <None Include="Resources\shaders\Object3d.hlsli">
      <Filter>リソース ファイル</Filter>
    </None>
  </ItemGroup>
  <ItemGroup>
    <FxCompile Include="Resources\shaders\Object3d.PS.hlsl">
      <Filter>リソース ファイル</Filter>
    </FxCompile>
    <FxCompile Include="Resources\shaders\Object3d.VS.hlsl">
      <Filter>リソース ファイル</Filter>
    </FxCompile>
  </ItemGroup>
</Project>